{
    "version": 3,
    "terraform_version": "0.11.7",
    "serial": 2,
    "lineage": "b3760766-02ac-0c22-182a-6533f2010917",
    "modules": [
        {
            "path": [
                "root"
            ],
            "outputs": {},
            "resources": {
                "aws_instance.sera_rhel7.0": {
                    "type": "aws_instance",
                    "depends_on": [
                        "aws_security_group.allow_all",
                        "data.aws_ami.rhel7"
                    ],
                    "primary": {
                        "id": "i-0b8681bcb21af757c",
                        "attributes": {
                            "ami": "ami-7c491f05",
                            "associate_public_ip_address": "true",
                            "availability_zone": "eu-west-1c",
                            "cpu_core_count": "1",
                            "cpu_threads_per_core": "1",
                            "credit_specification.#": "1",
                            "credit_specification.0.cpu_credits": "standard",
                            "disable_api_termination": "false",
                            "ebs_block_device.#": "0",
                            "ebs_optimized": "false",
                            "ephemeral_block_device.#": "0",
                            "get_password_data": "false",
                            "iam_instance_profile": "",
                            "id": "i-0b8681bcb21af757c",
                            "instance_state": "running",
                            "instance_type": "t2.micro",
                            "ipv6_addresses.#": "0",
                            "key_name": "",
                            "monitoring": "false",
                            "network_interface.#": "0",
                            "network_interface_id": "eni-0e38f5f7a5c5ffb2d",
                            "password_data": "",
                            "placement_group": "",
                            "primary_network_interface_id": "eni-0e38f5f7a5c5ffb2d",
                            "private_dns": "ip-172-31-14-175.eu-west-1.compute.internal",
                            "private_ip": "172.31.14.175",
                            "public_dns": "ec2-52-214-126-184.eu-west-1.compute.amazonaws.com",
                            "public_ip": "52.214.126.184",
                            "root_block_device.#": "1",
                            "root_block_device.0.delete_on_termination": "true",
                            "root_block_device.0.iops": "100",
                            "root_block_device.0.volume_id": "vol-04f6abd09b452e869",
                            "root_block_device.0.volume_size": "10",
                            "root_block_device.0.volume_type": "gp2",
                            "security_groups.#": "1",
                            "security_groups.61032394": "serana_sg1",
                            "source_dest_check": "true",
                            "subnet_id": "subnet-b828bdde",
                            "tags.%": "3",
                            "tags.Name": "Sera-1",
                            "tags.purpose": "be sad",
                            "tags.role": "test-machine-1",
                            "tenancy": "default",
                            "volume_tags.%": "0",
                            "vpc_security_group_ids.#": "1",
                            "vpc_security_group_ids.2042710438": "sg-0ba9674e0cc6c0219"
                        },
                        "meta": {
                            "e2bfb730-ecaa-11e6-8f88-34363bc7c4c0": {
                                "create": 600000000000,
                                "delete": 1200000000000,
                                "update": 600000000000
                            },
                            "schema_version": "1"
                        },
                        "tainted": false
                    },
                    "deposed": [],
                    "provider": "provider.aws"
                },
                "aws_instance.sera_rhel7.1": {
                    "type": "aws_instance",
                    "depends_on": [
                        "aws_security_group.allow_all",
                        "data.aws_ami.rhel7"
                    ],
                    "primary": {
                        "id": "i-02045f609facca92f",
                        "attributes": {
                            "ami": "ami-7c491f05",
                            "associate_public_ip_address": "true",
                            "availability_zone": "eu-west-1c",
                            "cpu_core_count": "1",
                            "cpu_threads_per_core": "1",
                            "credit_specification.#": "1",
                            "credit_specification.0.cpu_credits": "standard",
                            "disable_api_termination": "false",
                            "ebs_block_device.#": "0",
                            "ebs_optimized": "false",
                            "ephemeral_block_device.#": "0",
                            "get_password_data": "false",
                            "iam_instance_profile": "",
                            "id": "i-02045f609facca92f",
                            "instance_state": "running",
                            "instance_type": "t2.micro",
                            "ipv6_addresses.#": "0",
                            "key_name": "",
                            "monitoring": "false",
                            "network_interface.#": "0",
                            "network_interface_id": "eni-0000ba4a7b7226bbf",
                            "password_data": "",
                            "placement_group": "",
                            "primary_network_interface_id": "eni-0000ba4a7b7226bbf",
                            "private_dns": "ip-172-31-14-224.eu-west-1.compute.internal",
                            "private_ip": "172.31.14.224",
                            "public_dns": "ec2-52-210-68-118.eu-west-1.compute.amazonaws.com",
                            "public_ip": "52.210.68.118",
                            "root_block_device.#": "1",
                            "root_block_device.0.delete_on_termination": "true",
                            "root_block_device.0.iops": "100",
                            "root_block_device.0.volume_id": "vol-06d9de19f395d1156",
                            "root_block_device.0.volume_size": "10",
                            "root_block_device.0.volume_type": "gp2",
                            "security_groups.#": "1",
                            "security_groups.61032394": "serana_sg1",
                            "source_dest_check": "true",
                            "subnet_id": "subnet-b828bdde",
                            "tags.%": "3",
                            "tags.Name": "Sera-2",
                            "tags.purpose": "be sad",
                            "tags.role": "test-machine-2",
                            "tenancy": "default",
                            "volume_tags.%": "0",
                            "vpc_security_group_ids.#": "1",
                            "vpc_security_group_ids.2042710438": "sg-0ba9674e0cc6c0219"
                        },
                        "meta": {
                            "e2bfb730-ecaa-11e6-8f88-34363bc7c4c0": {
                                "create": 600000000000,
                                "delete": 1200000000000,
                                "update": 600000000000
                            },
                            "schema_version": "1"
                        },
                        "tainted": false
                    },
                    "deposed": [],
                    "provider": "provider.aws"
                },
                "aws_instance.sera_rhel7.2": {
                    "type": "aws_instance",
                    "depends_on": [
                        "aws_security_group.allow_all",
                        "data.aws_ami.rhel7"
                    ],
                    "primary": {
                        "id": "i-0da633d905b2cfa23",
                        "attributes": {
                            "ami": "ami-7c491f05",
                            "associate_public_ip_address": "true",
                            "availability_zone": "eu-west-1c",
                            "cpu_core_count": "1",
                            "cpu_threads_per_core": "1",
                            "credit_specification.#": "1",
                            "credit_specification.0.cpu_credits": "standard",
                            "disable_api_termination": "false",
                            "ebs_block_device.#": "0",
                            "ebs_optimized": "false",
                            "ephemeral_block_device.#": "0",
                            "get_password_data": "false",
                            "iam_instance_profile": "",
                            "id": "i-0da633d905b2cfa23",
                            "instance_state": "running",
                            "instance_type": "t2.micro",
                            "ipv6_addresses.#": "0",
                            "key_name": "",
                            "monitoring": "false",
                            "network_interface.#": "0",
                            "network_interface_id": "eni-00e4ef076405563c1",
                            "password_data": "",
                            "placement_group": "",
                            "primary_network_interface_id": "eni-00e4ef076405563c1",
                            "private_dns": "ip-172-31-1-9.eu-west-1.compute.internal",
                            "private_ip": "172.31.1.9",
                            "public_dns": "ec2-54-229-234-102.eu-west-1.compute.amazonaws.com",
                            "public_ip": "54.229.234.102",
                            "root_block_device.#": "1",
                            "root_block_device.0.delete_on_termination": "true",
                            "root_block_device.0.iops": "100",
                            "root_block_device.0.volume_id": "vol-00e7912ef4e0cd0f3",
                            "root_block_device.0.volume_size": "10",
                            "root_block_device.0.volume_type": "gp2",
                            "security_groups.#": "1",
                            "security_groups.61032394": "serana_sg1",
                            "source_dest_check": "true",
                            "subnet_id": "subnet-b828bdde",
                            "tags.%": "3",
                            "tags.Name": "Sera-3",
                            "tags.purpose": "be sad",
                            "tags.role": "test-machine-3",
                            "tenancy": "default",
                            "volume_tags.%": "0",
                            "vpc_security_group_ids.#": "1",
                            "vpc_security_group_ids.2042710438": "sg-0ba9674e0cc6c0219"
                        },
                        "meta": {
                            "e2bfb730-ecaa-11e6-8f88-34363bc7c4c0": {
                                "create": 600000000000,
                                "delete": 1200000000000,
                                "update": 600000000000
                            },
                            "schema_version": "1"
                        },
                        "tainted": false
                    },
                    "deposed": [],
                    "provider": "provider.aws"
                },
                "aws_security_group.allow_all": {
                    "type": "aws_security_group",
                    "depends_on": [],
                    "primary": {
                        "id": "sg-0ba9674e0cc6c0219",
                        "attributes": {
                            "arn": "arn:aws:ec2:eu-west-1:431428039329:security-group/sg-0ba9674e0cc6c0219",
                            "description": "Managed by Terraform",
                            "egress.#": "1",
                            "egress.3483629482.cidr_blocks.#": "1",
                            "egress.3483629482.cidr_blocks.0": "0.0.0.0/0",
                            "egress.3483629482.description": "",
                            "egress.3483629482.from_port": "0",
                            "egress.3483629482.ipv6_cidr_blocks.#": "0",
                            "egress.3483629482.prefix_list_ids.#": "0",
                            "egress.3483629482.protocol": "tcp",
                            "egress.3483629482.security_groups.#": "0",
                            "egress.3483629482.self": "false",
                            "egress.3483629482.to_port": "0",
                            "id": "sg-0ba9674e0cc6c0219",
                            "ingress.#": "1",
                            "ingress.3483629482.cidr_blocks.#": "1",
                            "ingress.3483629482.cidr_blocks.0": "0.0.0.0/0",
                            "ingress.3483629482.description": "",
                            "ingress.3483629482.from_port": "0",
                            "ingress.3483629482.ipv6_cidr_blocks.#": "0",
                            "ingress.3483629482.protocol": "tcp",
                            "ingress.3483629482.security_groups.#": "0",
                            "ingress.3483629482.self": "false",
                            "ingress.3483629482.to_port": "0",
                            "name": "serana_sg1",
                            "owner_id": "431428039329",
                            "revoke_rules_on_delete": "false",
                            "tags.%": "2",
                            "tags.Application": "rebbit",
                            "tags.Environment": "aws",
                            "vpc_id": "vpc-e7b9e181"
                        },
                        "meta": {
                            "e2bfb730-ecaa-11e6-8f88-34363bc7c4c0": {
                                "create": 600000000000,
                                "delete": 600000000000
                            },
                            "schema_version": "1"
                        },
                        "tainted": false
                    },
                    "deposed": [],
                    "provider": "provider.aws"
                },
                "data.aws_ami.rhel7": {
                    "type": "aws_ami",
                    "depends_on": [],
                    "primary": {
                        "id": "ami-7c491f05",
                        "attributes": {
                            "architecture": "x86_64",
                            "block_device_mappings.#": "1",
                            "block_device_mappings.309099847.device_name": "/dev/sda1",
                            "block_device_mappings.309099847.ebs.%": "6",
                            "block_device_mappings.309099847.ebs.delete_on_termination": "true",
                            "block_device_mappings.309099847.ebs.encrypted": "false",
                            "block_device_mappings.309099847.ebs.iops": "0",
                            "block_device_mappings.309099847.ebs.snapshot_id": "snap-0c55dbf0831a09d22",
                            "block_device_mappings.309099847.ebs.volume_size": "10",
                            "block_device_mappings.309099847.ebs.volume_type": "gp2",
                            "block_device_mappings.309099847.no_device": "",
                            "block_device_mappings.309099847.virtual_name": "",
                            "creation_date": "2018-03-23T21:00:19.000Z",
                            "description": "Provided by Red Hat, Inc.",
                            "filter.#": "1",
                            "filter.3362351416.name": "name",
                            "filter.3362351416.values.#": "1",
                            "filter.3362351416.values.0": "RHEL-7.5_HVM_GA-*",
                            "hypervisor": "xen",
                            "id": "ami-7c491f05",
                            "image_id": "ami-7c491f05",
                            "image_location": "309956199498/RHEL-7.5_HVM_GA-20180322-x86_64-1-Hourly2-GP2",
                            "image_type": "machine",
                            "most_recent": "true",
                            "name": "RHEL-7.5_HVM_GA-20180322-x86_64-1-Hourly2-GP2",
                            "owner_id": "309956199498",
                            "owners.#": "1",
                            "owners.0": "309956199498",
                            "product_codes.#": "0",
                            "public": "true",
                            "root_device_name": "/dev/sda1",
                            "root_device_type": "ebs",
                            "root_snapshot_id": "snap-0c55dbf0831a09d22",
                            "sriov_net_support": "simple",
                            "state": "available",
                            "state_reason.%": "2",
                            "state_reason.code": "UNSET",
                            "state_reason.message": "UNSET",
                            "tags.%": "0",
                            "virtualization_type": "hvm"
                        },
                        "meta": {},
                        "tainted": false
                    },
                    "deposed": [],
                    "provider": "provider.aws"
                }
            },
            "depends_on": []
        }
    ]
}
